
Microsoft Visual Studio Solution File, Format Version 12.00
# Visual Studio Version 17
VisualStudioVersion = 17.4.33205.214
MinimumVisualStudioVersion = 10.0.40219.1
Project("{8BC9CEB8-8B4A-11D0-8D11-00A0C91BC942}") = "OOP lesson 3", "OOP lesson 3\OOP lesson 3.vcxproj", "{2DBD633D-A09F-4363-B541-52D88284B07D}"
EndProject
Global
	GlobalSection(SolutionConfigurationPlatforms) = preSolution
		Debug|x64 = Debug|x64
		Debug|x86 = Debug|x86
		Release|x64 = Release|x64
		Release|x86 = Release|x86
	EndGlobalSection
	GlobalSection(ProjectConfigurationPlatforms) = postSolution
		{2DBD633D-A09F-4363-B541-52D88284B07D}.Debug|x64.ActiveCfg = Debug|x64
		{2DBD633D-A09F-4363-B541-52D88284B07D}.Debug|x64.Build.0 = Debug|x64
		{2DBD633D-A09F-4363-B541-52D88284B07D}.Debug|x86.ActiveCfg = Debug|Win32
		{2DBD633D-A09F-4363-B541-52D88284B07D}.Debug|x86.Build.0 = Debug|Win32
		{2DBD633D-A09F-4363-B541-52D88284B07D}.Release|x64.ActiveCfg = Release|x64
		{2DBD633D-A09F-4363-B541-52D88284B07D}.Release|x64.Build.0 = Release|x64
		{2DBD633D-A09F-4363-B541-52D88284B07D}.Release|x86.ActiveCfg = Release|Win32
		{2DBD633D-A09F-4363-B541-52D88284B07D}.Release|x86.Build.0 = Release|Win32
	EndGlobalSection
	GlobalSection(SolutionProperties) = preSolution
		HideSolutionNode = FALSE
	EndGlobalSection
	GlobalSection(ExtensibilityGlobals) = postSolution
		SolutionGuid = {36BADDD8-0DFF-432A-8D18-18F73827BB2C}
	EndGlobalSection
EndGlobal
